
Microsoft Visual Studio Solution File, Format Version 12.00
# Visual Studio Version 16
VisualStudioVersion = 16.0.30804.86
MinimumVisualStudioVersion = 10.0.40219.1
Project("{2150E333-8FDC-42A3-9474-1A3956D46DE8}") = "Deployment", "Deployment", "{3DAF8150-21C7-48C5-A032-B75F8ACA6A74}"
	ProjectSection(SolutionItems) = preProject
		Deployment\delete-usync-folder.ps1 = Deployment\delete-usync-folder.ps1
		Deployment\deploy-configs.ps1 = Deployment\deploy-configs.ps1
		Deployment\setup-cd-server.ps1 = Deployment\setup-cd-server.ps1
	EndProjectSection
EndProject
Project("{2150E333-8FDC-42A3-9474-1A3956D46DE8}") = "_WebProject", "_WebProject", "{AE672E16-A211-4D16-BAF2-FC4BF22048A6}"
EndProject
Project("{2150E333-8FDC-42A3-9474-1A3956D46DE8}") = "Toolbox", "Toolbox", "{0560A3A4-E8F0-4328-B9D3-B5EC1865D56C}"
EndProject
Project("{FAE04EC0-301F-11D3-BF4B-00C04F79EFBC}") = "Dit.Umb.ToolBox.Common", "Dit.Umb.Toolbox.Common\Dit.Umb.ToolBox.Common.csproj", "{6688F7E3-0FA5-4CAC-8256-805DACAF2C57}"
EndProject
Project("{FAE04EC0-301F-11D3-BF4B-00C04F79EFBC}") = "Dit.Umb.Toolbox.Common.ContentExtensions", "Dit.Umb.Toolbox.Common.ContentExtensions\Dit.Umb.Toolbox.Common.ContentExtensions.csproj", "{63E7BEF0-7BD7-4CB0-BB41-D6B19C949225}"
EndProject
Project("{FAE04EC0-301F-11D3-BF4B-00C04F79EFBC}") = "Dit.Umb.ToolBox", "Dit.Umb.ToolBox\Dit.Umb.ToolBox.csproj", "{3C82A4E6-2B14-42DD-AC62-7122AB878AD7}"
EndProject
Project("{FAE04EC0-301F-11D3-BF4B-00C04F79EFBC}") = "Dit.Umb.Mutobo", "Dit.Umb.Mutobo\Dit.Umb.Mutobo.csproj", "{2147941A-3725-4B64-84BB-7FDA22DE4066}"
EndProject
Global
	GlobalSection(SolutionConfigurationPlatforms) = preSolution
		Debug|Any CPU = Debug|Any CPU
		Release|Any CPU = Release|Any CPU
	EndGlobalSection
	GlobalSection(ProjectConfigurationPlatforms) = postSolution
		{6688F7E3-0FA5-4CAC-8256-805DACAF2C57}.Debug|Any CPU.ActiveCfg = Debug|Any CPU
		{6688F7E3-0FA5-4CAC-8256-805DACAF2C57}.Debug|Any CPU.Build.0 = Debug|Any CPU
		{6688F7E3-0FA5-4CAC-8256-805DACAF2C57}.Release|Any CPU.ActiveCfg = Release|Any CPU
		{6688F7E3-0FA5-4CAC-8256-805DACAF2C57}.Release|Any CPU.Build.0 = Release|Any CPU
		{63E7BEF0-7BD7-4CB0-BB41-D6B19C949225}.Debug|Any CPU.ActiveCfg = Debug|Any CPU
		{63E7BEF0-7BD7-4CB0-BB41-D6B19C949225}.Debug|Any CPU.Build.0 = Debug|Any CPU
		{63E7BEF0-7BD7-4CB0-BB41-D6B19C949225}.Release|Any CPU.ActiveCfg = Release|Any CPU
		{63E7BEF0-7BD7-4CB0-BB41-D6B19C949225}.Release|Any CPU.Build.0 = Release|Any CPU
		{3C82A4E6-2B14-42DD-AC62-7122AB878AD7}.Debug|Any CPU.ActiveCfg = Debug|Any CPU
		{3C82A4E6-2B14-42DD-AC62-7122AB878AD7}.Debug|Any CPU.Build.0 = Debug|Any CPU
		{3C82A4E6-2B14-42DD-AC62-7122AB878AD7}.Release|Any CPU.ActiveCfg = Release|Any CPU
		{3C82A4E6-2B14-42DD-AC62-7122AB878AD7}.Release|Any CPU.Build.0 = Release|Any CPU
		{2147941A-3725-4B64-84BB-7FDA22DE4066}.Debug|Any CPU.ActiveCfg = Debug|Any CPU
		{2147941A-3725-4B64-84BB-7FDA22DE4066}.Debug|Any CPU.Build.0 = Debug|Any CPU
		{2147941A-3725-4B64-84BB-7FDA22DE4066}.Release|Any CPU.ActiveCfg = Release|Any CPU
		{2147941A-3725-4B64-84BB-7FDA22DE4066}.Release|Any CPU.Build.0 = Release|Any CPU
	EndGlobalSection
	GlobalSection(SolutionProperties) = preSolution
		HideSolutionNode = FALSE
	EndGlobalSection
	GlobalSection(NestedProjects) = preSolution
		{6688F7E3-0FA5-4CAC-8256-805DACAF2C57} = {0560A3A4-E8F0-4328-B9D3-B5EC1865D56C}
		{63E7BEF0-7BD7-4CB0-BB41-D6B19C949225} = {0560A3A4-E8F0-4328-B9D3-B5EC1865D56C}
		{3C82A4E6-2B14-42DD-AC62-7122AB878AD7} = {AE672E16-A211-4D16-BAF2-FC4BF22048A6}
		{2147941A-3725-4B64-84BB-7FDA22DE4066} = {0560A3A4-E8F0-4328-B9D3-B5EC1865D56C}
	EndGlobalSection
	GlobalSection(ExtensibilityGlobals) = postSolution
		SolutionGuid = {70340767-2600-46EC-8C6C-78B7C59BEA16}
	EndGlobalSection
EndGlobal
